
Microsoft Visual Studio Solution File, Format Version 12.00
# Visual Studio Version 17
VisualStudioVersion = 17.0.32014.148
MinimumVisualStudioVersion = 10.0.40219.1
Project("{FAE04EC0-301F-11D3-BF4B-00C04F79EFBC}") = "20200140002_Tugas2_A", "20200140002_Tugas2_A\20200140002_Tugas2_A.csproj", "{FD35C5CF-C5E6-4F4A-BA91-7C223555909E}"
EndProject
Global
	GlobalSection(SolutionConfigurationPlatforms) = preSolution
		Debug|Any CPU = Debug|Any CPU
		Release|Any CPU = Release|Any CPU
	EndGlobalSection
	GlobalSection(ProjectConfigurationPlatforms) = postSolution
		{FD35C5CF-C5E6-4F4A-BA91-7C223555909E}.Debug|Any CPU.ActiveCfg = Debug|Any CPU
		{FD35C5CF-C5E6-4F4A-BA91-7C223555909E}.Debug|Any CPU.Build.0 = Debug|Any CPU
		{FD35C5CF-C5E6-4F4A-BA91-7C223555909E}.Release|Any CPU.ActiveCfg = Release|Any CPU
		{FD35C5CF-C5E6-4F4A-BA91-7C223555909E}.Release|Any CPU.Build.0 = Release|Any CPU
	EndGlobalSection
	GlobalSection(SolutionProperties) = preSolution
		HideSolutionNode = FALSE
	EndGlobalSection
	GlobalSection(ExtensibilityGlobals) = postSolution
		SolutionGuid = {ECF258B2-1977-4562-9CE8-7118974EB78B}
	EndGlobalSection
EndGlobal
